
Microsoft Visual Studio Solution File, Format Version 12.00
# Visual Studio Version 17
VisualStudioVersion = 17.8.34525.116
MinimumVisualStudioVersion = 10.0.40219.1
Project("{FAE04EC0-301F-11D3-BF4B-00C04F79EFBC}") = "Quiz4-Azure-DevOps", "Quiz4-Azure-DevOps\Quiz4-Azure-DevOps.csproj", "{CFC9ABF6-06D4-4122-8B1A-55140DBADE74}"
EndProject
Global
	GlobalSection(SolutionConfigurationPlatforms) = preSolution
		Debug|Any CPU = Debug|Any CPU
		Release|Any CPU = Release|Any CPU
	EndGlobalSection
	GlobalSection(ProjectConfigurationPlatforms) = postSolution
		{CFC9ABF6-06D4-4122-8B1A-55140DBADE74}.Debug|Any CPU.ActiveCfg = Debug|Any CPU
		{CFC9ABF6-06D4-4122-8B1A-55140DBADE74}.Debug|Any CPU.Build.0 = Debug|Any CPU
		{CFC9ABF6-06D4-4122-8B1A-55140DBADE74}.Release|Any CPU.ActiveCfg = Release|Any CPU
		{CFC9ABF6-06D4-4122-8B1A-55140DBADE74}.Release|Any CPU.Build.0 = Release|Any CPU
	EndGlobalSection
	GlobalSection(SolutionProperties) = preSolution
		HideSolutionNode = FALSE
	EndGlobalSection
	GlobalSection(ExtensibilityGlobals) = postSolution
		SolutionGuid = {ED1F93BE-F874-4BD4-A59C-6C7C8E0D2AA5}
	EndGlobalSection
EndGlobal
